PODS:
  - Masonry (1.1.0)
  - SDWebImage (5.10.0):
    - SDWebImage/Core (= 5.10.0)
  - SDWebImage/Core (5.10.0)
  - TTTAttributedLabel (1.13.3)

DEPENDENCIES:
  - Masonry
  - SDWebImage
  - TTTAttributedLabel (= 1.13.3)

SPEC REPOS:
  https://github.com/CocoaPods/Specs.git:
    - Masonry
    - SDWebImage
    - TTTAttributedLabel

SPEC CHECKSUMS:
  Masonry: 678fab65091a9290e40e2832a55e7ab731aad201
  SDWebImage: 9169792e9eec3e45bba2a0c02f74bf8bd922d1ee
  TTTAttributedLabel: 6f3174aef8e738f44dff97c2eb7d8184f6ab6277

PODFILE CHECKSUM: 529c29812a8e902cae736abfa3d3729c0fcbb868

COCOAPODS: 1.10.0
